
Microsoft Visual Studio Solution File, Format Version 12.00
# Visual Studio Version 17
VisualStudioVersion = 17.14.37111.16
MinimumVisualStudioVersion = 10.0.40219.1
Project("{FAE04EC0-301F-11D3-BF4B-00C04F79EFBC}") = "InfinityCoderzz_CMSV2026", "InfinityCoderzz_CMSV2026.csproj", "{9DF7C166-5AD0-F0BE-372B-07DEC6575093}"
EndProject
Project("{2150E333-8FDC-42A3-9474-1A3956D46DE8}") = "Solution Items", "Solution Items", "{8EC462FD-D22E-90A8-E5CE-7E832BA40C5D}"
	ProjectSection(SolutionItems) = preProject
		.gitignore = .gitignore
	EndProjectSection
EndProject
Global
	GlobalSection(SolutionConfigurationPlatforms) = preSolution
		Debug|Any CPU = Debug|Any CPU
		Release|Any CPU = Release|Any CPU
	EndGlobalSection
	GlobalSection(ProjectConfigurationPlatforms) = postSolution
		{9DF7C166-5AD0-F0BE-372B-07DEC6575093}.Debug|Any CPU.ActiveCfg = Debug|Any CPU
		{9DF7C166-5AD0-F0BE-372B-07DEC6575093}.Debug|Any CPU.Build.0 = Debug|Any CPU
		{9DF7C166-5AD0-F0BE-372B-07DEC6575093}.Release|Any CPU.ActiveCfg = Release|Any CPU
		{9DF7C166-5AD0-F0BE-372B-07DEC6575093}.Release|Any CPU.Build.0 = Release|Any CPU
	EndGlobalSection
	GlobalSection(SolutionProperties) = preSolution
		HideSolutionNode = FALSE
	EndGlobalSection
	GlobalSection(ExtensibilityGlobals) = postSolution
		SolutionGuid = {6D484D82-B925-411C-970B-64F5B0C7E8F2}
	EndGlobalSection
EndGlobal
